
Microsoft Visual Studio Solution File, Format Version 12.00
# Visual Studio Version 17
VisualStudioVersion = 17.14.36511.14
MinimumVisualStudioVersion = 10.0.40219.1
Project("{8BC9CEB8-8B4A-11D0-8D11-00A0C91BC942}") = "The Game", "The Game.vcxproj", "{5C8C3286-A179-465C-AE0E-50B9D7834B11}"
EndProject
Project("{8BC9CEB8-8B4A-11D0-8D11-00A0C91BC942}") = "ClientGui", "..\ClientGui\ClientGui.vcxproj", "{9151B28B-5F03-406B-A517-E41992475A73}"
	ProjectSection(ProjectDependencies) = postProject
		{97775187-A6EC-47E3-A78D-B981D7986EDD} = {97775187-A6EC-47E3-A78D-B981D7986EDD}
	EndProjectSection
EndProject
Project("{8BC9CEB8-8B4A-11D0-8D11-00A0C91BC942}") = "CardEngine", "..\CardEngine\CardEngine.vcxproj", "{97775187-A6EC-47E3-A78D-B981D7986EDD}"
EndProject
Global
	GlobalSection(SolutionConfigurationPlatforms) = preSolution
		Debug|x64 = Debug|x64
		Debug|x86 = Debug|x86
		Release|x64 = Release|x64
		Release|x86 = Release|x86
	EndGlobalSection
	GlobalSection(ProjectConfigurationPlatforms) = postSolution
		{5C8C3286-A179-465C-AE0E-50B9D7834B11}.Debug|x64.ActiveCfg = Debug|x64
		{5C8C3286-A179-465C-AE0E-50B9D7834B11}.Debug|x64.Build.0 = Debug|x64
		{5C8C3286-A179-465C-AE0E-50B9D7834B11}.Debug|x86.ActiveCfg = Debug|Win32
		{5C8C3286-A179-465C-AE0E-50B9D7834B11}.Debug|x86.Build.0 = Debug|Win32
		{5C8C3286-A179-465C-AE0E-50B9D7834B11}.Release|x64.ActiveCfg = Release|x64
		{5C8C3286-A179-465C-AE0E-50B9D7834B11}.Release|x64.Build.0 = Release|x64
		{5C8C3286-A179-465C-AE0E-50B9D7834B11}.Release|x86.ActiveCfg = Release|Win32
		{5C8C3286-A179-465C-AE0E-50B9D7834B11}.Release|x86.Build.0 = Release|Win32
		{9151B28B-5F03-406B-A517-E41992475A73}.Debug|x64.ActiveCfg = Debug|x64
		{9151B28B-5F03-406B-A517-E41992475A73}.Debug|x64.Build.0 = Debug|x64
		{9151B28B-5F03-406B-A517-E41992475A73}.Debug|x86.ActiveCfg = Debug|Win32
		{9151B28B-5F03-406B-A517-E41992475A73}.Debug|x86.Build.0 = Debug|Win32
		{9151B28B-5F03-406B-A517-E41992475A73}.Release|x64.ActiveCfg = Release|x64
		{9151B28B-5F03-406B-A517-E41992475A73}.Release|x64.Build.0 = Release|x64
		{9151B28B-5F03-406B-A517-E41992475A73}.Release|x86.ActiveCfg = Release|Win32
		{9151B28B-5F03-406B-A517-E41992475A73}.Release|x86.Build.0 = Release|Win32
		{97775187-A6EC-47E3-A78D-B981D7986EDD}.Debug|x64.ActiveCfg = Debug|x64
		{97775187-A6EC-47E3-A78D-B981D7986EDD}.Debug|x64.Build.0 = Debug|x64
		{97775187-A6EC-47E3-A78D-B981D7986EDD}.Debug|x86.ActiveCfg = Debug|Win32
		{97775187-A6EC-47E3-A78D-B981D7986EDD}.Debug|x86.Build.0 = Debug|Win32
		{97775187-A6EC-47E3-A78D-B981D7986EDD}.Release|x64.ActiveCfg = Release|x64
		{97775187-A6EC-47E3-A78D-B981D7986EDD}.Release|x64.Build.0 = Release|x64
		{97775187-A6EC-47E3-A78D-B981D7986EDD}.Release|x86.ActiveCfg = Release|Win32
		{97775187-A6EC-47E3-A78D-B981D7986EDD}.Release|x86.Build.0 = Release|Win32
	EndGlobalSection
	GlobalSection(SolutionProperties) = preSolution
		HideSolutionNode = FALSE
	EndGlobalSection
	GlobalSection(ExtensibilityGlobals) = postSolution
		SolutionGuid = {723BFD4D-42C6-4635-861E-B609C352ED81}
	EndGlobalSection
EndGlobal
