<?xml version="1.0" encoding="utf-8"?>
<Project ToolsVersion="4.0" xmlns="http://schemas.microsoft.com/developer/msbuild/2003">
  <ItemGroup>
    <Filter Include="Source Files">
      <UniqueIdentifier>{4FC737F1-C7A5-4376-A066-2A32D752A2FF}</UniqueIdentifier>
      <Extensions>cpp;c;cc;cxx;c++;cppm;ixx;def;odl;idl;hpj;bat;asm;asmx</Extensions>
    </Filter>
    <Filter Include="Header Files">
      <UniqueIdentifier>{93995380-89BD-4b04-88EB-625FBE52EBFB}</UniqueIdentifier>
      <Extensions>h;hh;hpp;hxx;h++;hm;inl;inc;ipp;xsd</Extensions>
    </Filter>
    <Filter Include="Resource Files">
      <UniqueIdentifier>{67DA6AB6-F800-4c08-8B7A-83BB121AAD01}</UniqueIdentifier>
      <Extensions>rc;ico;cur;bmp;dlg;rc2;rct;bin;rgs;gif;jpg;jpeg;jpe;resx;tiff;tif;png;wav;mfcribbon-ms</Extensions>
    </Filter>
    <Filter Include="Header Files\UI">
      <UniqueIdentifier>{e8dac53b-5dd9-4686-98d0-345071d77a74}</UniqueIdentifier>
    </Filter>
    <Filter Include="Header Files\MENUS">
      <UniqueIdentifier>{f956273c-ac82-423a-ab59-3de4894acf98}</UniqueIdentifier>
    </Filter>
    <Filter Include="Header Files\SCENES">
      <UniqueIdentifier>{e6a95ed9-5e93-4041-b9a1-db10ca935853}</UniqueIdentifier>
    </Filter>
    <Filter Include="Source Files\MENUS">
      <UniqueIdentifier>{9ba42bd6-a6e8-4e21-9004-e46a07aea4e8}</UniqueIdentifier>
    </Filter>
    <Filter Include="Source Files\SCENES">
      <UniqueIdentifier>{20c0d994-57e6-473e-ace5-e57d88b14f32}</UniqueIdentifier>
    </Filter>
    <Filter Include="Source Files\UI">
      <UniqueIdentifier>{11a014d4-7656-4bd2-b521-5b09b0c8b737}</UniqueIdentifier>
    </Filter>
    <Filter Include="Source Files\tempCPPS">
      <UniqueIdentifier>{cee22637-22b7-49f1-b69b-c3206ff293e7}</UniqueIdentifier>
    </Filter>
  </ItemGroup>
  <ItemGroup>
    <ClCompile Include="main.cpp">
      <Filter>Source Files</Filter>
    </ClCompile>
    <ClCompile Include="networkClient.cpp">
      <Filter>Source Files</Filter>
    </ClCompile>
    <ClCompile Include="TextBox.cpp">
      <Filter>Source Files\UI</Filter>
    </ClCompile>
    <ClCompile Include="Animation.cpp">
      <Filter>Source Files\UI</Filter>
    </ClCompile>
    <ClCompile Include="loginMenu.cpp">
      <Filter>Source Files\MENUS</Filter>
    </ClCompile>
    <ClCompile Include="MainMenu.cpp">
      <Filter>Source Files\MENUS</Filter>
    </ClCompile>
    <ClCompile Include="registerMenu.cpp">
      <Filter>Source Files\MENUS</Filter>
    </ClCompile>
    <ClCompile Include="SettingsMenu.cpp">
      <Filter>Source Files\MENUS</Filter>
    </ClCompile>
    <ClCompile Include="Button.cpp">
      <Filter>Source Files\UI</Filter>
    </ClCompile>
    <ClCompile Include="Scene.cpp">
      <Filter>Source Files\SCENES</Filter>
    </ClCompile>
    <ClCompile Include="SceneManager.cpp">
      <Filter>Source Files\SCENES</Filter>
    </ClCompile>
    <ClCompile Include="LobbyScene.cpp">
      <Filter>Source Files\SCENES</Filter>
    </ClCompile>
    <ClCompile Include="GameScene.cpp">
      <Filter>Source Files\SCENES</Filter>
    </ClCompile>
    <ClCompile Include="GameConstants.cpp">
      <Filter>Source Files</Filter>
    </ClCompile>
    <ClCompile Include="LobbyMenuScene.cpp">
      <Filter>Source Files\SCENES</Filter>
    </ClCompile>
  </ItemGroup>
  <ItemGroup>
    <Image Include="assets\background.png">
      <Filter>Resource Files</Filter>
    </Image>
    <Image Include="assets\LoginButton.png">
      <Filter>Resource Files</Filter>
    </Image>
    <Image Include="assets\RegisterButton.png">
      <Filter>Resource Files</Filter>
    </Image>
  </ItemGroup>
  <ItemGroup>
    <Font Include="assets\ARIAL.TTF">
      <Filter>Resource Files</Filter>
    </Font>
  </ItemGroup>
  <ItemGroup>
    <ClInclude Include="networkClient.h">
      <Filter>Header Files</Filter>
    </ClInclude>
    <ClInclude Include="button.h">
      <Filter>Header Files\UI</Filter>
    </ClInclude>
    <ClInclude Include="textBox.h">
      <Filter>Header Files\UI</Filter>
    </ClInclude>
    <ClInclude Include="loginMenu.h">
      <Filter>Header Files\MENUS</Filter>
    </ClInclude>
    <ClInclude Include="MainMenu.h">
      <Filter>Header Files\MENUS</Filter>
    </ClInclude>
    <ClInclude Include="registerMenu.h">
      <Filter>Header Files\MENUS</Filter>
    </ClInclude>
    <ClInclude Include="Scene.h">
      <Filter>Header Files\SCENES</Filter>
    </ClInclude>
    <ClInclude Include="SceneManager.h">
      <Filter>Header Files\SCENES</Filter>
    </ClInclude>
    <ClInclude Include="SettingsMenu.h">
      <Filter>Header Files\MENUS</Filter>
    </ClInclude>
    <ClInclude Include="Animation.h">
      <Filter>Header Files\UI</Filter>
    </ClInclude>
    <ClInclude Include="json.hpp">
      <Filter>Source Files</Filter>
    </ClInclude>
    <ClInclude Include="LobbyScene.h">
      <Filter>Header Files\SCENES</Filter>
    </ClInclude>
    <ClInclude Include="GameScene.h">
      <Filter>Header Files\SCENES</Filter>
    </ClInclude>
    <ClInclude Include="GameConstants.h">
      <Filter>Header Files</Filter>
    </ClInclude>
    <ClInclude Include="LobbyMenuScene.h">
      <Filter>Header Files\SCENES</Filter>
    </ClInclude>
  </ItemGroup>
</Project>